// !$*UTF8*$!
{
	archiveVersion = 1;
	classes = {
	};
	objectVersion = 56;
	objects = {

/* Begin PBXBuildFile section */
		41269ED92B0CD28B0091CDAA /* BasketViewController.swift in Sources */ = {isa = PBXBuildFile; fileRef = 41269ED72B0CD28B0091CDAA /* BasketViewController.swift */; };
		41269EDA2B0CD28B0091CDAA /* BasketViewController.xib in Resources */ = {isa = PBXBuildFile; fileRef = 41269ED82B0CD28B0091CDAA /* BasketViewController.xib */; };
		41269EDC2B0CD29D0091CDAA /* BasketManager.swift in Sources */ = {isa = PBXBuildFile; fileRef = 41269EDB2B0CD29D0091CDAA /* BasketManager.swift */; };
		41269EE02B0CEAC10091CDAA /* DetailCatalogViewController.swift in Sources */ = {isa = PBXBuildFile; fileRef = 41269EDE2B0CEAC10091CDAA /* DetailCatalogViewController.swift */; };
		41269EE12B0CEAC10091CDAA /* DetailCatalogViewController.xib in Resources */ = {isa = PBXBuildFile; fileRef = 41269EDF2B0CEAC10091CDAA /* DetailCatalogViewController.xib */; };
		414C3D5F2AFA14E50045A809 /* AppDelegate.swift in Sources */ = {isa = PBXBuildFile; fileRef = 414C3D5E2AFA14E50045A809 /* AppDelegate.swift */; };
		414C3D612AFA14E50045A809 /* SceneDelegate.swift in Sources */ = {isa = PBXBuildFile; fileRef = 414C3D602AFA14E50045A809 /* SceneDelegate.swift */; };
		414C3D632AFA14E50045A809 /* ViewController.swift in Sources */ = {isa = PBXBuildFile; fileRef = 414C3D622AFA14E50045A809 /* ViewController.swift */; };
		414C3D662AFA14E50045A809 /* Main.storyboard in Resources */ = {isa = PBXBuildFile; fileRef = 414C3D642AFA14E50045A809 /* Main.storyboard */; };
		414C3D692AFA14E50045A809 /* CatalogFinder.xcdatamodeld in Sources */ = {isa = PBXBuildFile; fileRef = 414C3D672AFA14E50045A809 /* CatalogFinder.xcdatamodeld */; };
		414C3D6B2AFA14E60045A809 /* Assets.xcassets in Resources */ = {isa = PBXBuildFile; fileRef = 414C3D6A2AFA14E60045A809 /* Assets.xcassets */; };
		414C3D6E2AFA14E60045A809 /* LaunchScreen.storyboard in Resources */ = {isa = PBXBuildFile; fileRef = 414C3D6C2AFA14E60045A809 /* LaunchScreen.storyboard */; };
		414C3D772AFA15F90045A809 /* CatalogViewController.swift in Sources */ = {isa = PBXBuildFile; fileRef = 414C3D752AFA15F90045A809 /* CatalogViewController.swift */; };
		414C3D782AFA15F90045A809 /* CatalogViewController.xib in Resources */ = {isa = PBXBuildFile; fileRef = 414C3D762AFA15F90045A809 /* CatalogViewController.xib */; };
		414C3D7C2AFA1A960045A809 /* CatalogTableViewCell.swift in Sources */ = {isa = PBXBuildFile; fileRef = 414C3D7A2AFA1A960045A809 /* CatalogTableViewCell.swift */; };
		414C3D7D2AFA1A960045A809 /* CatalogTableViewCell.xib in Resources */ = {isa = PBXBuildFile; fileRef = 414C3D7B2AFA1A960045A809 /* CatalogTableViewCell.xib */; };
		419B79412AFA212D00F063B9 /* Product+CoreDataClass.swift in Sources */ = {isa = PBXBuildFile; fileRef = 419B793F2AFA212D00F063B9 /* Product+CoreDataClass.swift */; };
		419B79422AFA212D00F063B9 /* Product+CoreDataProperties.swift in Sources */ = {isa = PBXBuildFile; fileRef = 419B79402AFA212D00F063B9 /* Product+CoreDataProperties.swift */; };
		41A62B842B1C31CA00327291 /* ProfilViewController.swift in Sources */ = {isa = PBXBuildFile; fileRef = 41A62B822B1C31CA00327291 /* ProfilViewController.swift */; };
		41A62B852B1C31CA00327291 /* ProfilViewController.xib in Resources */ = {isa = PBXBuildFile; fileRef = 41A62B832B1C31CA00327291 /* ProfilViewController.xib */; };
		41A62B8B2B1C32DC00327291 /* TabBarController.swift in Sources */ = {isa = PBXBuildFile; fileRef = 41A62B8A2B1C32DC00327291 /* TabBarController.swift */; };
		41A62B8E2B1C34D600327291 /* RecomandedViewController.swift in Sources */ = {isa = PBXBuildFile; fileRef = 41A62B8C2B1C34D600327291 /* RecomandedViewController.swift */; };
		41A62B8F2B1C34D600327291 /* RecomandedViewController.xib in Resources */ = {isa = PBXBuildFile; fileRef = 41A62B8D2B1C34D600327291 /* RecomandedViewController.xib */; };
/* End PBXBuildFile section */

/* Begin PBXFileReference section */
		41269ED72B0CD28B0091CDAA /* BasketViewController.swift */ = {isa = PBXFileReference; lastKnownFileType = sourcecode.swift; path = BasketViewController.swift; sourceTree = "<group>"; };
		41269ED82B0CD28B0091CDAA /* BasketViewController.xib */ = {isa = PBXFileReference; lastKnownFileType = file.xib; path = BasketViewController.xib; sourceTree = "<group>"; };
		41269EDB2B0CD29D0091CDAA /* BasketManager.swift */ = {isa = PBXFileReference; lastKnownFileType = sourcecode.swift; path = BasketManager.swift; sourceTree = "<group>"; };
		41269EDE2B0CEAC10091CDAA /* DetailCatalogViewController.swift */ = {isa = PBXFileReference; lastKnownFileType = sourcecode.swift; path = DetailCatalogViewController.swift; sourceTree = "<group>"; };
		41269EDF2B0CEAC10091CDAA /* DetailCatalogViewController.xib */ = {isa = PBXFileReference; lastKnownFileType = file.xib; path = DetailCatalogViewController.xib; sourceTree = "<group>"; };
		414C3D5B2AFA14E50045A809 /* CatalogFinder.app */ = {isa = PBXFileReference; explicitFileType = wrapper.application; includeInIndex = 0; path = CatalogFinder.app; sourceTree = BUILT_PRODUCTS_DIR; };
		414C3D5E2AFA14E50045A809 /* AppDelegate.swift */ = {isa = PBXFileReference; lastKnownFileType = sourcecode.swift; path = AppDelegate.swift; sourceTree = "<group>"; };
		414C3D602AFA14E50045A809 /* SceneDelegate.swift */ = {isa = PBXFileReference; lastKnownFileType = sourcecode.swift; path = SceneDelegate.swift; sourceTree = "<group>"; };
		414C3D622AFA14E50045A809 /* ViewController.swift */ = {isa = PBXFileReference; lastKnownFileType = sourcecode.swift; path = ViewController.swift; sourceTree = "<group>"; };
		414C3D652AFA14E50045A809 /* Base */ = {isa = PBXFileReference; lastKnownFileType = file.storyboard; name = Base; path = Base.lproj/Main.storyboard; sourceTree = "<group>"; };
		414C3D682AFA14E50045A809 /* CatalogFinder.xcdatamodel */ = {isa = PBXFileReference; lastKnownFileType = wrapper.xcdatamodel; path = CatalogFinder.xcdatamodel; sourceTree = "<group>"; };
		414C3D6A2AFA14E60045A809 /* Assets.xcassets */ = {isa = PBXFileReference; lastKnownFileType = folder.assetcatalog; path = Assets.xcassets; sourceTree = "<group>"; };
		414C3D6D2AFA14E60045A809 /* Base */ = {isa = PBXFileReference; lastKnownFileType = file.storyboard; name = Base; path = Base.lproj/LaunchScreen.storyboard; sourceTree = "<group>"; };
		414C3D6F2AFA14E60045A809 /* Info.plist */ = {isa = PBXFileReference; lastKnownFileType = text.plist.xml; path = Info.plist; sourceTree = "<group>"; };
		414C3D752AFA15F90045A809 /* CatalogViewController.swift */ = {isa = PBXFileReference; lastKnownFileType = sourcecode.swift; path = CatalogViewController.swift; sourceTree = "<group>"; };
		414C3D762AFA15F90045A809 /* CatalogViewController.xib */ = {isa = PBXFileReference; lastKnownFileType = file.xib; path = CatalogViewController.xib; sourceTree = "<group>"; };
		414C3D7A2AFA1A960045A809 /* CatalogTableViewCell.swift */ = {isa = PBXFileReference; lastKnownFileType = sourcecode.swift; path = CatalogTableViewCell.swift; sourceTree = "<group>"; };
		414C3D7B2AFA1A960045A809 /* CatalogTableViewCell.xib */ = {isa = PBXFileReference; lastKnownFileType = file.xib; path = CatalogTableViewCell.xib; sourceTree = "<group>"; };
		419B793F2AFA212D00F063B9 /* Product+CoreDataClass.swift */ = {isa = PBXFileReference; lastKnownFileType = sourcecode.swift; path = "Product+CoreDataClass.swift"; sourceTree = "<group>"; };
		419B79402AFA212D00F063B9 /* Product+CoreDataProperties.swift */ = {isa = PBXFileReference; lastKnownFileType = sourcecode.swift; path = "Product+CoreDataProperties.swift"; sourceTree = "<group>"; };
		41A62B822B1C31CA00327291 /* ProfilViewController.swift */ = {isa = PBXFileReference; lastKnownFileType = sourcecode.swift; path = ProfilViewController.swift; sourceTree = "<group>"; };
		41A62B832B1C31CA00327291 /* ProfilViewController.xib */ = {isa = PBXFileReference; lastKnownFileType = file.xib; path = ProfilViewController.xib; sourceTree = "<group>"; };
		41A62B8A2B1C32DC00327291 /* TabBarController.swift */ = {isa = PBXFileReference; lastKnownFileType = sourcecode.swift; path = TabBarController.swift; sourceTree = "<group>"; };
		41A62B8C2B1C34D600327291 /* RecomandedViewController.swift */ = {isa = PBXFileReference; lastKnownFileType = sourcecode.swift; path = RecomandedViewController.swift; sourceTree = "<group>"; };
		41A62B8D2B1C34D600327291 /* RecomandedViewController.xib */ = {isa = PBXFileReference; lastKnownFileType = file.xib; path = RecomandedViewController.xib; sourceTree = "<group>"; };
/* End PBXFileReference section */

/* Begin PBXFrameworksBuildPhase section */
		414C3D582AFA14E50045A809 /* Frameworks */ = {
			isa = PBXFrameworksBuildPhase;
			buildActionMask = 2147483647;
			files = (
			);
			runOnlyForDeploymentPostprocessing = 0;
		};
/* End PBXFrameworksBuildPhase section */

/* Begin PBXGroup section */
		41269ED62B0CD2450091CDAA /* BasketProduct */ = {
			isa = PBXGroup;
			children = (
				41269ED72B0CD28B0091CDAA /* BasketViewController.swift */,
				41269EDB2B0CD29D0091CDAA /* BasketManager.swift */,
				41269ED82B0CD28B0091CDAA /* BasketViewController.xib */,
			);
			path = BasketProduct;
			sourceTree = "<group>";
		};
		41269EDD2B0CE7FA0091CDAA /* DetailCatalogViewController */ = {
			isa = PBXGroup;
			children = (
				41269EDE2B0CEAC10091CDAA /* DetailCatalogViewController.swift */,
				41269EDF2B0CEAC10091CDAA /* DetailCatalogViewController.xib */,
			);
			path = DetailCatalogViewController;
			sourceTree = "<group>";
		};
		414C3D522AFA14E50045A809 = {
			isa = PBXGroup;
			children = (
				419B79432AFA214000F063B9 /* CoreData */,
				41A62B7D2B1C314B00327291 /* TabBar */,
				41269ED62B0CD2450091CDAA /* BasketProduct */,
				414C3D5D2AFA14E50045A809 /* CatalogFinder */,
				414C3D5C2AFA14E50045A809 /* Products */,
			);
			sourceTree = "<group>";
		};
		414C3D5C2AFA14E50045A809 /* Products */ = {
			isa = PBXGroup;
			children = (
				414C3D5B2AFA14E50045A809 /* CatalogFinder.app */,
			);
			name = Products;
			sourceTree = "<group>";
		};
		414C3D5D2AFA14E50045A809 /* CatalogFinder */ = {
			isa = PBXGroup;
			children = (
				41269EDD2B0CE7FA0091CDAA /* DetailCatalogViewController */,
				414C3D7E2AFA1AB40045A809 /* CatalogViewCell */,
				414C3D792AFA160B0045A809 /* Home */,
				414C3D5E2AFA14E50045A809 /* AppDelegate.swift */,
				414C3D602AFA14E50045A809 /* SceneDelegate.swift */,
				414C3D622AFA14E50045A809 /* ViewController.swift */,
				414C3D642AFA14E50045A809 /* Main.storyboard */,
				414C3D6A2AFA14E60045A809 /* Assets.xcassets */,
				414C3D6C2AFA14E60045A809 /* LaunchScreen.storyboard */,
				414C3D6F2AFA14E60045A809 /* Info.plist */,
				414C3D672AFA14E50045A809 /* CatalogFinder.xcdatamodeld */,
			);
			path = CatalogFinder;
			sourceTree = "<group>";
		};
		414C3D792AFA160B0045A809 /* Home */ = {
			isa = PBXGroup;
			children = (
				414C3D752AFA15F90045A809 /* CatalogViewController.swift */,
				414C3D762AFA15F90045A809 /* CatalogViewController.xib */,
			);
			path = Home;
			sourceTree = "<group>";
		};
		414C3D7E2AFA1AB40045A809 /* CatalogViewCell */ = {
			isa = PBXGroup;
			children = (
				414C3D7A2AFA1A960045A809 /* CatalogTableViewCell.swift */,
				414C3D7B2AFA1A960045A809 /* CatalogTableViewCell.xib */,
			);
			path = CatalogViewCell;
			sourceTree = "<group>";
		};
		419B79432AFA214000F063B9 /* CoreData */ = {
			isa = PBXGroup;
			children = (
				419B79402AFA212D00F063B9 /* Product+CoreDataProperties.swift */,
				419B793F2AFA212D00F063B9 /* Product+CoreDataClass.swift */,
			);
			path = CoreData;
			sourceTree = "<group>";
		};
		41A62B7D2B1C314B00327291 /* TabBar */ = {
			isa = PBXGroup;
			children = (
				41A62B8A2B1C32DC00327291 /* TabBarController.swift */,
				41A62B8C2B1C34D600327291 /* RecomandedViewController.swift */,
				41A62B8D2B1C34D600327291 /* RecomandedViewController.xib */,
				41A62B822B1C31CA00327291 /* ProfilViewController.swift */,
				41A62B832B1C31CA00327291 /* ProfilViewController.xib */,
			);
			path = TabBar;
			sourceTree = "<group>";
		};
/* End PBXGroup section */

/* Begin PBXNativeTarget section */
		414C3D5A2AFA14E50045A809 /* CatalogFinder */ = {
			isa = PBXNativeTarget;
			buildConfigurationList = 414C3D722AFA14E60045A809 /* Build configuration list for PBXNativeTarget "CatalogFinder" */;
			buildPhases = (
				414C3D572AFA14E50045A809 /* Sources */,
				414C3D582AFA14E50045A809 /* Frameworks */,
				414C3D592AFA14E50045A809 /* Resources */,
			);
			buildRules = (
			);
			dependencies = (
			);
			name = CatalogFinder;
			productName = CatalogFinder;
			productReference = 414C3D5B2AFA14E50045A809 /* CatalogFinder.app */;
			productType = "com.apple.product-type.application";
		};
/* End PBXNativeTarget section */

/* Begin PBXProject section */
		414C3D532AFA14E50045A809 /* Project object */ = {
			isa = PBXProject;
			attributes = {
				BuildIndependentTargetsInParallel = 1;
				LastSwiftUpdateCheck = 1500;
				LastUpgradeCheck = 1500;
				TargetAttributes = {
					414C3D5A2AFA14E50045A809 = {
						CreatedOnToolsVersion = 15.0.1;
					};
				};
			};
			buildConfigurationList = 414C3D562AFA14E50045A809 /* Build configuration list for PBXProject "CatalogFinder" */;
			compatibilityVersion = "Xcode 14.0";
			developmentRegion = en;
			hasScannedForEncodings = 0;
			knownRegions = (
				en,
				Base,
			);
			mainGroup = 414C3D522AFA14E50045A809;
			productRefGroup = 414C3D5C2AFA14E50045A809 /* Products */;
			projectDirPath = "";
			projectRoot = "";
			targets = (
				414C3D5A2AFA14E50045A809 /* CatalogFinder */,
			);
		};
/* End PBXProject section */

/* Begin PBXResourcesBuildPhase section */
		414C3D592AFA14E50045A809 /* Resources */ = {
			isa = PBXResourcesBuildPhase;
			buildActionMask = 2147483647;
			files = (
				414C3D7D2AFA1A960045A809 /* CatalogTableViewCell.xib in Resources */,
				414C3D782AFA15F90045A809 /* CatalogViewController.xib in Resources */,
				41269EE12B0CEAC10091CDAA /* DetailCatalogViewController.xib in Resources */,
				41A62B8F2B1C34D600327291 /* RecomandedViewController.xib in Resources */,
				414C3D6E2AFA14E60045A809 /* LaunchScreen.storyboard in Resources */,
				41A62B852B1C31CA00327291 /* ProfilViewController.xib in Resources */,
				414C3D6B2AFA14E60045A809 /* Assets.xcassets in Resources */,
				41269EDA2B0CD28B0091CDAA /* BasketViewController.xib in Resources */,
				414C3D662AFA14E50045A809 /* Main.storyboard in Resources */,
			);
			runOnlyForDeploymentPostprocessing = 0;
		};
/* End PBXResourcesBuildPhase section */

/* Begin PBXSourcesBuildPhase section */
		414C3D572AFA14E50045A809 /* Sources */ = {
			isa = PBXSourcesBuildPhase;
			buildActionMask = 2147483647;
			files = (
				41269ED92B0CD28B0091CDAA /* BasketViewController.swift in Sources */,
				41A62B842B1C31CA00327291 /* ProfilViewController.swift in Sources */,
				41269EDC2B0CD29D0091CDAA /* BasketManager.swift in Sources */,
				414C3D772AFA15F90045A809 /* CatalogViewController.swift in Sources */,
				414C3D632AFA14E50045A809 /* ViewController.swift in Sources */,
				41269EE02B0CEAC10091CDAA /* DetailCatalogViewController.swift in Sources */,
				41A62B8E2B1C34D600327291 /* RecomandedViewController.swift in Sources */,
				414C3D692AFA14E50045A809 /* CatalogFinder.xcdatamodeld in Sources */,
				419B79412AFA212D00F063B9 /* Product+CoreDataClass.swift in Sources */,
				414C3D7C2AFA1A960045A809 /* CatalogTableViewCell.swift in Sources */,
				414C3D5F2AFA14E50045A809 /* AppDelegate.swift in Sources */,
				419B79422AFA212D00F063B9 /* Product+CoreDataProperties.swift in Sources */,
				41A62B8B2B1C32DC00327291 /* TabBarController.swift in Sources */,
				414C3D612AFA14E50045A809 /* SceneDelegate.swift in Sources */,
			);
			runOnlyForDeploymentPostprocessing = 0;
		};
/* End PBXSourcesBuildPhase section */

/* Begin PBXVariantGroup section */
		414C3D642AFA14E50045A809 /* Main.storyboard */ = {
			isa = PBXVariantGroup;
			children = (
				414C3D652AFA14E50045A809 /* Base */,
			);
			name = Main.storyboard;
			sourceTree = "<group>";
		};
		414C3D6C2AFA14E60045A809 /* LaunchScreen.storyboard */ = {
			isa = PBXVariantGroup;
			children = (
				414C3D6D2AFA14E60045A809 /* Base */,
			);
			name = LaunchScreen.storyboard;
			sourceTree = "<group>";
		};
/* End PBXVariantGroup section */

/* Begin XCBuildConfiguration section */
		414C3D702AFA14E60045A809 /* Debug */ = {
			isa = XCBuildConfiguration;
			buildSettings = {
				ALWAYS_SEARCH_USER_PATHS = NO;
				ASSETCATALOG_COMPILER_GENERATE_SWIFT_ASSET_SYMBOL_EXTENSIONS = YES;
				CLANG_ANALYZER_NONNULL = YES;
				CLANG_ANALYZER_NUMBER_OBJECT_CONVERSION = YES_AGGRESSIVE;
				CLANG_CXX_LANGUAGE_STANDARD = "gnu++20";
				CLANG_ENABLE_MODULES = YES;
				CLANG_ENABLE_OBJC_ARC = YES;
				CLANG_ENABLE_OBJC_WEAK = YES;
				CLANG_WARN_BLOCK_CAPTURE_AUTORELEASING = YES;
				CLANG_WARN_BOOL_CONVERSION = YES;
				CLANG_WARN_COMMA = YES;
				CLANG_WARN_CONSTANT_CONVERSION = YES;
				CLANG_WARN_DEPRECATED_OBJC_IMPLEMENTATIONS = YES;
				CLANG_WARN_DIRECT_OBJC_ISA_USAGE = YES_ERROR;
				CLANG_WARN_DOCUMENTATION_COMMENTS = YES;
				CLANG_WARN_EMPTY_BODY = YES;
				CLANG_WARN_ENUM_CONVERSION = YES;
				CLANG_WARN_INFINITE_RECURSION = YES;
				CLANG_WARN_INT_CONVERSION = YES;
				CLANG_WARN_NON_LITERAL_NULL_CONVERSION = YES;
				CLANG_WARN_OBJC_IMPLICIT_RETAIN_SELF = YES;
				CLANG_WARN_OBJC_LITERAL_CONVERSION = YES;
				CLANG_WARN_OBJC_ROOT_CLASS = YES_ERROR;
				CLANG_WARN_QUOTED_INCLUDE_IN_FRAMEWORK_HEADER = YES;
				CLANG_WARN_RANGE_LOOP_ANALYSIS = YES;
				CLANG_WARN_STRICT_PROTOTYPES = YES;
				CLANG_WARN_SUSPICIOUS_MOVE = YES;
				CLANG_WARN_UNGUARDED_AVAILABILITY = YES_AGGRESSIVE;
				CLANG_WARN_UNREACHABLE_CODE = YES;
				CLANG_WARN__DUPLICATE_METHOD_MATCH = YES;
				COPY_PHASE_STRIP = NO;
				DEBUG_INFORMATION_FORMAT = dwarf;
				ENABLE_STRICT_OBJC_MSGSEND = YES;
				ENABLE_TESTABILITY = YES;
				ENABLE_USER_SCRIPT_SANDBOXING = YES;
				GCC_C_LANGUAGE_STANDARD = gnu17;
				GCC_DYNAMIC_NO_PIC = NO;
				GCC_NO_COMMON_BLOCKS = YES;
				GCC_OPTIMIZATION_LEVEL = 0;
				GCC_PREPROCESSOR_DEFINITIONS = (
					"DEBUG=1",
					"$(inherited)",
				);
				GCC_WARN_64_TO_32_BIT_CONVERSION = YES;
				GCC_WARN_ABOUT_RETURN_TYPE = YES_ERROR;
				GCC_WARN_UNDECLARED_SELECTOR = YES;
				GCC_WARN_UNINITIALIZED_AUTOS = YES_AGGRESSIVE;
				GCC_WARN_UNUSED_FUNCTION = YES;
				GCC_WARN_UNUSED_VARIABLE = YES;
				IPHONEOS_DEPLOYMENT_TARGET = 17.0;
				LOCALIZATION_PREFERS_STRING_CATALOGS = YES;
				MTL_ENABLE_DEBUG_INFO = INCLUDE_SOURCE;
				MTL_FAST_MATH = YES;
				ONLY_ACTIVE_ARCH = YES;
				SDKROOT = iphoneos;
				SWIFT_ACTIVE_COMPILATION_CONDITIONS = "DEBUG $(inherited)";
				SWIFT_OPTIMIZATION_LEVEL = "-Onone";
			};
			name = Debug;
		};
		414C3D712AFA14E60045A809 /* Release */ = {
			isa = XCBuildConfiguration;
			buildSettings = {
				ALWAYS_SEARCH_USER_PATHS = NO;
				ASSETCATALOG_COMPILER_GENERATE_SWIFT_ASSET_SYMBOL_EXTENSIONS = YES;
				CLANG_ANALYZER_NONNULL = YES;
				CLANG_ANALYZER_NUMBER_OBJECT_CONVERSION = YES_AGGRESSIVE;
				CLANG_CXX_LANGUAGE_STANDARD = "gnu++20";
				CLANG_ENABLE_MODULES = YES;
				CLANG_ENABLE_OBJC_ARC = YES;
				CLANG_ENABLE_OBJC_WEAK = YES;
				CLANG_WARN_BLOCK_CAPTURE_AUTORELEASING = YES;
				CLANG_WARN_BOOL_CONVERSION = YES;
				CLANG_WARN_COMMA = YES;
				CLANG_WARN_CONSTANT_CONVERSION = YES;
				CLANG_WARN_DEPRECATED_OBJC_IMPLEMENTATIONS = YES;
				CLANG_WARN_DIRECT_OBJC_ISA_USAGE = YES_ERROR;
				CLANG_WARN_DOCUMENTATION_COMMENTS = YES;
				CLANG_WARN_EMPTY_BODY = YES;
				CLANG_WARN_ENUM_CONVERSION = YES;
				CLANG_WARN_INFINITE_RECURSION = YES;
				CLANG_WARN_INT_CONVERSION = YES;
				CLANG_WARN_NON_LITERAL_NULL_CONVERSION = YES;
				CLANG_WARN_OBJC_IMPLICIT_RETAIN_SELF = YES;
				CLANG_WARN_OBJC_LITERAL_CONVERSION = YES;
				CLANG_WARN_OBJC_ROOT_CLASS = YES_ERROR;
				CLANG_WARN_QUOTED_INCLUDE_IN_FRAMEWORK_HEADER = YES;
				CLANG_WARN_RANGE_LOOP_ANALYSIS = YES;
				CLANG_WARN_STRICT_PROTOTYPES = YES;
				CLANG_WARN_SUSPICIOUS_MOVE = YES;
				CLANG_WARN_UNGUARDED_AVAILABILITY = YES_AGGRESSIVE;
				CLANG_WARN_UNREACHABLE_CODE = YES;
				CLANG_WARN__DUPLICATE_METHOD_MATCH = YES;
				COPY_PHASE_STRIP = NO;
				DEBUG_INFORMATION_FORMAT = "dwarf-with-dsym";
				ENABLE_NS_ASSERTIONS = NO;
				ENABLE_STRICT_OBJC_MSGSEND = YES;
				ENABLE_USER_SCRIPT_SANDBOXING = YES;
				GCC_C_LANGUAGE_STANDARD = gnu17;
				GCC_NO_COMMON_BLOCKS = YES;
				GCC_WARN_64_TO_32_BIT_CONVERSION = YES;
				GCC_WARN_ABOUT_RETURN_TYPE = YES_ERROR;
				GCC_WARN_UNDECLARED_SELECTOR = YES;
				GCC_WARN_UNINITIALIZED_AUTOS = YES_AGGRESSIVE;
				GCC_WARN_UNUSED_FUNCTION = YES;
				GCC_WARN_UNUSED_VARIABLE = YES;
				IPHONEOS_DEPLOYMENT_TARGET = 17.0;
				LOCALIZATION_PREFERS_STRING_CATALOGS = YES;
				MTL_ENABLE_DEBUG_INFO = NO;
				MTL_FAST_MATH = YES;
				SDKROOT = iphoneos;
				SWIFT_COMPILATION_MODE = wholemodule;
				VALIDATE_PRODUCT = YES;
			};
			name = Release;
		};
		414C3D732AFA14E60045A809 /* Debug */ = {
			isa = XCBuildConfiguration;
			buildSettings = {
				ASSETCATALOG_COMPILER_APPICON_NAME = AppIcon;
				ASSETCATALOG_COMPILER_GLOBAL_ACCENT_COLOR_NAME = AccentColor;
				CODE_SIGN_STYLE = Automatic;
				CURRENT_PROJECT_VERSION = 1;
				DEVELOPMENT_TEAM = 2P3J62XMKN;
				GENERATE_INFOPLIST_FILE = YES;
				INFOPLIST_FILE = CatalogFinder/Info.plist;
				INFOPLIST_KEY_UIApplicationSupportsIndirectInputEvents = YES;
				INFOPLIST_KEY_UILaunchStoryboardName = LaunchScreen;
				INFOPLIST_KEY_UIMainStoryboardFile = Main;
				INFOPLIST_KEY_UISupportedInterfaceOrientations_iPad = "UIInterfaceOrientationPortrait UIInterfaceOrientationPortraitUpsideDown UIInterfaceOrientationLandscapeLeft UIInterfaceOrientationLandscapeRight";
				INFOPLIST_KEY_UISupportedInterfaceOrientations_iPhone = "UIInterfaceOrientationPortrait UIInterfaceOrientationLandscapeLeft UIInterfaceOrientationLandscapeRight";
				LD_RUNPATH_SEARCH_PATHS = (
					"$(inherited)",
					"@executable_path/Frameworks",
				);
				MARKETING_VERSION = 1.0;
				PRODUCT_BUNDLE_IDENTIFIER = com.juky.Project.CatalogFinder;
				PRODUCT_NAME = "$(TARGET_NAME)";
				SWIFT_EMIT_LOC_STRINGS = YES;
				SWIFT_VERSION = 5.0;
				TARGETED_DEVICE_FAMILY = "1,2";
			};
			name = Debug;
		};
		414C3D742AFA14E60045A809 /* Release */ = {
			isa = XCBuildConfiguration;
			buildSettings = {
				ASSETCATALOG_COMPILER_APPICON_NAME = AppIcon;
				ASSETCATALOG_COMPILER_GLOBAL_ACCENT_COLOR_NAME = AccentColor;
				CODE_SIGN_STYLE = Automatic;
				CURRENT_PROJECT_VERSION = 1;
				DEVELOPMENT_TEAM = 2P3J62XMKN;
				GENERATE_INFOPLIST_FILE = YES;
				INFOPLIST_FILE = CatalogFinder/Info.plist;
				INFOPLIST_KEY_UIApplicationSupportsIndirectInputEvents = YES;
				INFOPLIST_KEY_UILaunchStoryboardName = LaunchScreen;
				INFOPLIST_KEY_UIMainStoryboardFile = Main;
				INFOPLIST_KEY_UISupportedInterfaceOrientations_iPad = "UIInterfaceOrientationPortrait UIInterfaceOrientationPortraitUpsideDown UIInterfaceOrientationLandscapeLeft UIInterfaceOrientationLandscapeRight";
				INFOPLIST_KEY_UISupportedInterfaceOrientations_iPhone = "UIInterfaceOrientationPortrait UIInterfaceOrientationLandscapeLeft UIInterfaceOrientationLandscapeRight";
				LD_RUNPATH_SEARCH_PATHS = (
					"$(inherited)",
					"@executable_path/Frameworks",
				);
				MARKETING_VERSION = 1.0;
				PRODUCT_BUNDLE_IDENTIFIER = com.juky.Project.CatalogFinder;
				PRODUCT_NAME = "$(TARGET_NAME)";
				SWIFT_EMIT_LOC_STRINGS = YES;
				SWIFT_VERSION = 5.0;
				TARGETED_DEVICE_FAMILY = "1,2";
			};
			name = Release;
		};
/* End XCBuildConfiguration section */

/* Begin XCConfigurationList section */
		414C3D562AFA14E50045A809 /* Build configuration list for PBXProject "CatalogFinder" */ = {
			isa = XCConfigurationList;
			buildConfigurations = (
				414C3D702AFA14E60045A809 /* Debug */,
				414C3D712AFA14E60045A809 /* Release */,
			);
			defaultConfigurationIsVisible = 0;
			defaultConfigurationName = Release;
		};
		414C3D722AFA14E60045A809 /* Build configuration list for PBXNativeTarget "CatalogFinder" */ = {
			isa = XCConfigurationList;
			buildConfigurations = (
				414C3D732AFA14E60045A809 /* Debug */,
				414C3D742AFA14E60045A809 /* Release */,
			);
			defaultConfigurationIsVisible = 0;
			defaultConfigurationName = Release;
		};
/* End XCConfigurationList section */

/* Begin XCVersionGroup section */
		414C3D672AFA14E50045A809 /* CatalogFinder.xcdatamodeld */ = {
			isa = XCVersionGroup;
			children = (
				414C3D682AFA14E50045A809 /* CatalogFinder.xcdatamodel */,
			);
			currentVersion = 414C3D682AFA14E50045A809 /* CatalogFinder.xcdatamodel */;
			path = CatalogFinder.xcdatamodeld;
			sourceTree = "<group>";
			versionGroupType = wrapper.xcdatamodel;
		};
/* End XCVersionGroup section */
	};
	rootObject = 414C3D532AFA14E50045A809 /* Project object */;
}
